// !$*UTF8*$!
{
	archiveVersion = 1;
	classes = {
	};
	objectVersion = 50;
	objects = {

/* Begin PBXBuildFile section */
		570D6D3E24090A9300F4DBE7 /* SBCoreECR.c in Sources */ = {isa = PBXBuildFile; fileRef = 570D6D3C24090A9300F4DBE7 /* SBCoreECR.c */; };
		570D6D3F24090A9300F4DBE7 /* SBCoreECR.h in Headers */ = {isa = PBXBuildFile; fileRef = 570D6D3D24090A9300F4DBE7 /* SBCoreECR.h */; };
		570D6D5024090AF900F4DBE7 /* Utilities.h in Headers */ = {isa = PBXBuildFile; fileRef = 570D6D4E24090AF900F4DBE7 /* Utilities.h */; };
		570D6D5124090AF900F4DBE7 /* Utilities.c in Sources */ = {isa = PBXBuildFile; fileRef = 570D6D4F24090AF900F4DBE7 /* Utilities.c */; };
		573EB97223F55422006F383D /* SkyBandECRSDK.framework in Frameworks */ = {isa = PBXBuildFile; fileRef = 573EB96823F55421006F383D /* SkyBandECRSDK.framework */; };
		573EB97723F55422006F383D /* SkyBandECRSDKTests.m in Sources */ = {isa = PBXBuildFile; fileRef = 573EB97623F55422006F383D /* SkyBandECRSDKTests.m */; };
		573EB97923F55422006F383D /* SkyBandECRSDK.h in Headers */ = {isa = PBXBuildFile; fileRef = 573EB96B23F55421006F383D /* SkyBandECRSDK.h */; settings = {ATTRIBUTES = (Public, ); }; };
		5763A8CD23F6DA7D00790E94 /* Security.framework in Frameworks */ = {isa = PBXBuildFile; fileRef = 5763A8CC23F6DA7D00790E94 /* Security.framework */; };
		5763A8CF23F6DAA900790E94 /* libiconv.tbd in Frameworks */ = {isa = PBXBuildFile; fileRef = 5763A8CE23F6DAA900790E94 /* libiconv.tbd */; };
		5763A8D123F6DAB900790E94 /* libz.tbd in Frameworks */ = {isa = PBXBuildFile; fileRef = 5763A8D023F6DAB900790E94 /* libz.tbd */; };
		5763A8D323F6DAC200790E94 /* CFNetwork.framework in Frameworks */ = {isa = PBXBuildFile; fileRef = 5763A8D223F6DAC200790E94 /* CFNetwork.framework */; };
		578324552413605500B6BFA2 /* ECRSrc.h in Headers */ = {isa = PBXBuildFile; fileRef = 578324532413605500B6BFA2 /* ECRSrc.h */; };
		578324562413605500B6BFA2 /* ECRSrc.c in Sources */ = {isa = PBXBuildFile; fileRef = 578324542413605500B6BFA2 /* ECRSrc.c */; };
		57E41CAB240E3057007B44A0 /* SKBCoreServices.h in Headers */ = {isa = PBXBuildFile; fileRef = 57E41CAA240E3057007B44A0 /* SKBCoreServices.h */; settings = {ATTRIBUTES = (Public, ); }; };
		57E41CAD240E305F007B44A0 /* SKBCoreServices.m in Sources */ = {isa = PBXBuildFile; fileRef = 57E41CAC240E305F007B44A0 /* SKBCoreServices.m */; };
		B10A6AA424494016004EA1D1 /* Pre-Extension(Customer_copy).html in Resources */ = {isa = PBXBuildFile; fileRef = B10A6A8C24494000004EA1D1 /* Pre-Extension(Customer_copy).html */; };
		B10A6AA524494016004EA1D1 /* Cash_Advance(Customer_copy).html in Resources */ = {isa = PBXBuildFile; fileRef = B10A6A8D24494003004EA1D1 /* Cash_Advance(Customer_copy).html */; };
		B10A6AAA24494016004EA1D1 /* Refund(customer_copy).html in Resources */ = {isa = PBXBuildFile; fileRef = B10A6A9224494006004EA1D1 /* Refund(customer_copy).html */; };
		B10A6AAE24494016004EA1D1 /* Parameter download.html in Resources */ = {isa = PBXBuildFile; fileRef = B10A6A9624494007004EA1D1 /* Parameter download.html */; };
		B10A6AB024494016004EA1D1 /* Bill Pyment(Customer_copy).html in Resources */ = {isa = PBXBuildFile; fileRef = B10A6A9824494009004EA1D1 /* Bill Pyment(Customer_copy).html */; };
		B10A6AB224494016004EA1D1 /* Pre-Auth(Customer_copy).html in Resources */ = {isa = PBXBuildFile; fileRef = B10A6A9A2449400C004EA1D1 /* Pre-Auth(Customer_copy).html */; };
		B10A6AB824494016004EA1D1 /* Purchase Advice(Customer_copy).html in Resources */ = {isa = PBXBuildFile; fileRef = B10A6AA024494011004EA1D1 /* Purchase Advice(Customer_copy).html */; };
		B10A6AB924494016004EA1D1 /* Pre-void(Customer_copy).html in Resources */ = {isa = PBXBuildFile; fileRef = B10A6AA124494012004EA1D1 /* Pre-void(Customer_copy).html */; };
		B10A6ABB24494016004EA1D1 /* Purchase cashback(customer copy)).html in Resources */ = {isa = PBXBuildFile; fileRef = B10A6AA324494015004EA1D1 /* Purchase cashback(customer copy)).html */; };
		B13856802493295A009B2729 /* PosTable.html in Resources */ = {isa = PBXBuildFile; fileRef = B138567E24932959009B2729 /* PosTable.html */; };
		B13856812493295A009B2729 /* ReconcilationTable.html in Resources */ = {isa = PBXBuildFile; fileRef = B138567F24932959009B2729 /* ReconcilationTable.html */; };
		B147C4E82451E7CA00227BA6 /* Purchase(customer_copy).html in Resources */ = {isa = PBXBuildFile; fileRef = B147C4E72451E7C900227BA6 /* Purchase(customer_copy).html */; };
		B18F789F245ABB9600D9C040 /* Summary.html in Resources */ = {isa = PBXBuildFile; fileRef = B18F789E245ABB9600D9C040 /* Summary.html */; };
		B18F78A1245ABBD600D9C040 /* Summary_Report.html in Resources */ = {isa = PBXBuildFile; fileRef = B18F78A0245ABBD600D9C040 /* Summary_Report.html */; };
		B18F78A3245AE3B300D9C040 /* Reconcilation.html in Resources */ = {isa = PBXBuildFile; fileRef = B18F78A2245AE3B200D9C040 /* Reconcilation.html */; };
		B18F78A5245AE3EB00D9C040 /* Detail_Report.html in Resources */ = {isa = PBXBuildFile; fileRef = B18F78A4245AE3EB00D9C040 /* Detail_Report.html */; };
		B18F78A7245AE5D600D9C040 /* Reversal(Customer_copy).html in Resources */ = {isa = PBXBuildFile; fileRef = B18F78A6245AE5D600D9C040 /* Reversal(Customer_copy).html */; };
		B1FC171D24AE09260086A297 /* madaHostTable.html in Resources */ = {isa = PBXBuildFile; fileRef = B1FC171924AE09250086A297 /* madaHostTable.html */; };
		B1FC171E24AE09260086A297 /* ReconcilationTable1.html in Resources */ = {isa = PBXBuildFile; fileRef = B1FC171A24AE09250086A297 /* ReconcilationTable1.html */; };
		B1FC171F24AE09260086A297 /* PosTerminalDetails.html in Resources */ = {isa = PBXBuildFile; fileRef = B1FC171B24AE09260086A297 /* PosTerminalDetails.html */; };
		B1FC172024AE09260086A297 /* PosTableRunning.html in Resources */ = {isa = PBXBuildFile; fileRef = B1FC171C24AE09260086A297 /* PosTableRunning.html */; };
/* End PBXBuildFile section */

/* Begin PBXContainerItemProxy section */
		573EB97323F55422006F383D /* PBXContainerItemProxy */ = {
			isa = PBXContainerItemProxy;
			containerPortal = 573EB95F23F55421006F383D /* Project object */;
			proxyType = 1;
			remoteGlobalIDString = 573EB96723F55421006F383D;
			remoteInfo = SkyBandECRSDK;
		};
/* End PBXContainerItemProxy section */

/* Begin PBXFileReference section */
		570D6D3C24090A9300F4DBE7 /* SBCoreECR.c */ = {isa = PBXFileReference; fileEncoding = 4; lastKnownFileType = sourcecode.c.c; path = SBCoreECR.c; sourceTree = "<group>"; };
		570D6D3D24090A9300F4DBE7 /* SBCoreECR.h */ = {isa = PBXFileReference; fileEncoding = 4; lastKnownFileType = sourcecode.c.h; path = SBCoreECR.h; sourceTree = "<group>"; };
		570D6D4E24090AF900F4DBE7 /* Utilities.h */ = {isa = PBXFileReference; fileEncoding = 4; lastKnownFileType = sourcecode.c.h; path = Utilities.h; sourceTree = "<group>"; };
		570D6D4F24090AF900F4DBE7 /* Utilities.c */ = {isa = PBXFileReference; fileEncoding = 4; lastKnownFileType = sourcecode.c.c; path = Utilities.c; sourceTree = "<group>"; };
		573EB96823F55421006F383D /* SkyBandECRSDK.framework */ = {isa = PBXFileReference; explicitFileType = wrapper.framework; includeInIndex = 0; path = SkyBandECRSDK.framework; sourceTree = BUILT_PRODUCTS_DIR; };
		573EB96B23F55421006F383D /* SkyBandECRSDK.h */ = {isa = PBXFileReference; lastKnownFileType = sourcecode.c.h; path = SkyBandECRSDK.h; sourceTree = "<group>"; };
		573EB96C23F55421006F383D /* Info.plist */ = {isa = PBXFileReference; lastKnownFileType = text.plist.xml; path = Info.plist; sourceTree = "<group>"; };
		573EB97123F55422006F383D /* SkyBandECRSDKTests.xctest */ = {isa = PBXFileReference; explicitFileType = wrapper.cfbundle; includeInIndex = 0; path = SkyBandECRSDKTests.xctest; sourceTree = BUILT_PRODUCTS_DIR; };
		573EB97623F55422006F383D /* SkyBandECRSDKTests.m */ = {isa = PBXFileReference; lastKnownFileType = sourcecode.c.objc; path = SkyBandECRSDKTests.m; sourceTree = "<group>"; };
		573EB97823F55422006F383D /* Info.plist */ = {isa = PBXFileReference; lastKnownFileType = text.plist.xml; path = Info.plist; sourceTree = "<group>"; };
		5763A8CC23F6DA7D00790E94 /* Security.framework */ = {isa = PBXFileReference; lastKnownFileType = wrapper.framework; name = Security.framework; path = Platforms/MacOSX.platform/Developer/SDKs/MacOSX10.15.sdk/System/Library/Frameworks/Security.framework; sourceTree = DEVELOPER_DIR; };
		5763A8CE23F6DAA900790E94 /* libiconv.tbd */ = {isa = PBXFileReference; lastKnownFileType = "sourcecode.text-based-dylib-definition"; name = libiconv.tbd; path = Platforms/MacOSX.platform/Developer/SDKs/MacOSX10.15.sdk/usr/lib/libiconv.tbd; sourceTree = DEVELOPER_DIR; };
		5763A8D023F6DAB900790E94 /* libz.tbd */ = {isa = PBXFileReference; lastKnownFileType = "sourcecode.text-based-dylib-definition"; name = libz.tbd; path = Platforms/MacOSX.platform/Developer/SDKs/MacOSX10.15.sdk/usr/lib/libz.tbd; sourceTree = DEVELOPER_DIR; };
		5763A8D223F6DAC200790E94 /* CFNetwork.framework */ = {isa = PBXFileReference; lastKnownFileType = wrapper.framework; name = CFNetwork.framework; path = Platforms/MacOSX.platform/Developer/SDKs/MacOSX10.15.sdk/System/Library/Frameworks/CFNetwork.framework; sourceTree = DEVELOPER_DIR; };
		578324532413605500B6BFA2 /* ECRSrc.h */ = {isa = PBXFileReference; fileEncoding = 4; lastKnownFileType = sourcecode.c.h; path = ECRSrc.h; sourceTree = "<group>"; };
		578324542413605500B6BFA2 /* ECRSrc.c */ = {isa = PBXFileReference; fileEncoding = 4; lastKnownFileType = sourcecode.c.c; path = ECRSrc.c; sourceTree = "<group>"; };
		57E41CAA240E3057007B44A0 /* SKBCoreServices.h */ = {isa = PBXFileReference; fileEncoding = 4; lastKnownFileType = sourcecode.c.h; path = SKBCoreServices.h; sourceTree = "<group>"; };
		57E41CAC240E305F007B44A0 /* SKBCoreServices.m */ = {isa = PBXFileReference; fileEncoding = 4; lastKnownFileType = sourcecode.c.objc; path = SKBCoreServices.m; sourceTree = "<group>"; };
		B10A6A8C24494000004EA1D1 /* Pre-Extension(Customer_copy).html */ = {isa = PBXFileReference; fileEncoding = 4; lastKnownFileType = text.html; path = "Pre-Extension(Customer_copy).html"; sourceTree = "<group>"; };
		B10A6A8D24494003004EA1D1 /* Cash_Advance(Customer_copy).html */ = {isa = PBXFileReference; fileEncoding = 4; lastKnownFileType = text.html; path = "Cash_Advance(Customer_copy).html"; sourceTree = "<group>"; };
		B10A6A9224494006004EA1D1 /* Refund(customer_copy).html */ = {isa = PBXFileReference; fileEncoding = 4; lastKnownFileType = text.html; path = "Refund(customer_copy).html"; sourceTree = "<group>"; };
		B10A6A9624494007004EA1D1 /* Parameter download.html */ = {isa = PBXFileReference; fileEncoding = 4; lastKnownFileType = text.html; path = "Parameter download.html"; sourceTree = "<group>"; };
		B10A6A9824494009004EA1D1 /* Bill Pyment(Customer_copy).html */ = {isa = PBXFileReference; fileEncoding = 4; lastKnownFileType = text.html; path = "Bill Pyment(Customer_copy).html"; sourceTree = "<group>"; };
		B10A6A9A2449400C004EA1D1 /* Pre-Auth(Customer_copy).html */ = {isa = PBXFileReference; fileEncoding = 4; lastKnownFileType = text.html; path = "Pre-Auth(Customer_copy).html"; sourceTree = "<group>"; };
		B10A6AA024494011004EA1D1 /* Purchase Advice(Customer_copy).html */ = {isa = PBXFileReference; fileEncoding = 4; lastKnownFileType = text.html; path = "Purchase Advice(Customer_copy).html"; sourceTree = "<group>"; };
		B10A6AA124494012004EA1D1 /* Pre-void(Customer_copy).html */ = {isa = PBXFileReference; fileEncoding = 4; lastKnownFileType = text.html; path = "Pre-void(Customer_copy).html"; sourceTree = "<group>"; };
		B10A6AA324494015004EA1D1 /* Purchase cashback(customer copy)).html */ = {isa = PBXFileReference; fileEncoding = 4; lastKnownFileType = text.html; path = "Purchase cashback(customer copy)).html"; sourceTree = "<group>"; };
		B138567E24932959009B2729 /* PosTable.html */ = {isa = PBXFileReference; fileEncoding = 4; lastKnownFileType = text.html; path = PosTable.html; sourceTree = "<group>"; };
		B138567F24932959009B2729 /* ReconcilationTable.html */ = {isa = PBXFileReference; fileEncoding = 4; lastKnownFileType = text.html; path = ReconcilationTable.html; sourceTree = "<group>"; };
		B147C4E72451E7C900227BA6 /* Purchase(customer_copy).html */ = {isa = PBXFileReference; fileEncoding = 4; lastKnownFileType = text.html; path = "Purchase(customer_copy).html"; sourceTree = "<group>"; };
		B18F789E245ABB9600D9C040 /* Summary.html */ = {isa = PBXFileReference; fileEncoding = 4; lastKnownFileType = text.html; path = Summary.html; sourceTree = "<group>"; };
		B18F78A0245ABBD600D9C040 /* Summary_Report.html */ = {isa = PBXFileReference; fileEncoding = 4; lastKnownFileType = text.html; path = Summary_Report.html; sourceTree = "<group>"; };
		B18F78A2245AE3B200D9C040 /* Reconcilation.html */ = {isa = PBXFileReference; fileEncoding = 4; lastKnownFileType = text.html; path = Reconcilation.html; sourceTree = "<group>"; };
		B18F78A4245AE3EB00D9C040 /* Detail_Report.html */ = {isa = PBXFileReference; fileEncoding = 4; lastKnownFileType = text.html; path = Detail_Report.html; sourceTree = "<group>"; };
		B18F78A6245AE5D600D9C040 /* Reversal(Customer_copy).html */ = {isa = PBXFileReference; fileEncoding = 4; lastKnownFileType = text.html; path = "Reversal(Customer_copy).html"; sourceTree = "<group>"; };
		B1FC171924AE09250086A297 /* madaHostTable.html */ = {isa = PBXFileReference; fileEncoding = 4; lastKnownFileType = text.html; path = madaHostTable.html; sourceTree = "<group>"; };
		B1FC171A24AE09250086A297 /* ReconcilationTable1.html */ = {isa = PBXFileReference; fileEncoding = 4; lastKnownFileType = text.html; path = ReconcilationTable1.html; sourceTree = "<group>"; };
		B1FC171B24AE09260086A297 /* PosTerminalDetails.html */ = {isa = PBXFileReference; fileEncoding = 4; lastKnownFileType = text.html; path = PosTerminalDetails.html; sourceTree = "<group>"; };
		B1FC171C24AE09260086A297 /* PosTableRunning.html */ = {isa = PBXFileReference; fileEncoding = 4; lastKnownFileType = text.html; path = PosTableRunning.html; sourceTree = "<group>"; };
/* End PBXFileReference section */

/* Begin PBXFrameworksBuildPhase section */
		573EB96523F55421006F383D /* Frameworks */ = {
			isa = PBXFrameworksBuildPhase;
			buildActionMask = 2147483647;
			files = (
				5763A8D323F6DAC200790E94 /* CFNetwork.framework in Frameworks */,
				5763A8D123F6DAB900790E94 /* libz.tbd in Frameworks */,
				5763A8CF23F6DAA900790E94 /* libiconv.tbd in Frameworks */,
				5763A8CD23F6DA7D00790E94 /* Security.framework in Frameworks */,
			);
			runOnlyForDeploymentPostprocessing = 0;
		};
		573EB96E23F55422006F383D /* Frameworks */ = {
			isa = PBXFrameworksBuildPhase;
			buildActionMask = 2147483647;
			files = (
				573EB97223F55422006F383D /* SkyBandECRSDK.framework in Frameworks */,
			);
			runOnlyForDeploymentPostprocessing = 0;
		};
/* End PBXFrameworksBuildPhase section */

/* Begin PBXGroup section */
		5706BD9323FA55370098DD92 /* CoreECR */ = {
			isa = PBXGroup;
			children = (
				570D6D3D24090A9300F4DBE7 /* SBCoreECR.h */,
				570D6D3C24090A9300F4DBE7 /* SBCoreECR.c */,
				578324542413605500B6BFA2 /* ECRSrc.c */,
				578324532413605500B6BFA2 /* ECRSrc.h */,
				570D6D4F24090AF900F4DBE7 /* Utilities.c */,
				570D6D4E24090AF900F4DBE7 /* Utilities.h */,
			);
			path = CoreECR;
			sourceTree = "<group>";
		};
		573EB95E23F55421006F383D = {
			isa = PBXGroup;
			children = (
				573EB96A23F55421006F383D /* SkyBandECRSDK */,
				573EB97523F55422006F383D /* SkyBandECRSDKTests */,
				573EB96923F55421006F383D /* Products */,
				5763A8CB23F6DA7C00790E94 /* Frameworks */,
			);
			sourceTree = "<group>";
		};
		573EB96923F55421006F383D /* Products */ = {
			isa = PBXGroup;
			children = (
				573EB96823F55421006F383D /* SkyBandECRSDK.framework */,
				573EB97123F55422006F383D /* SkyBandECRSDKTests.xctest */,
			);
			name = Products;
			sourceTree = "<group>";
		};
		573EB96A23F55421006F383D /* SkyBandECRSDK */ = {
			isa = PBXGroup;
			children = (
				573EB96B23F55421006F383D /* SkyBandECRSDK.h */,
				57E41CAA240E3057007B44A0 /* SKBCoreServices.h */,
				57E41CAC240E305F007B44A0 /* SKBCoreServices.m */,
				B10A6A8B24493F54004EA1D1 /* SKBTransactionRecipts */,
				573EB96C23F55421006F383D /* Info.plist */,
				5706BD9323FA55370098DD92 /* CoreECR */,
			);
			path = SkyBandECRSDK;
			sourceTree = "<group>";
		};
		573EB97523F55422006F383D /* SkyBandECRSDKTests */ = {
			isa = PBXGroup;
			children = (
				573EB97623F55422006F383D /* SkyBandECRSDKTests.m */,
				573EB97823F55422006F383D /* Info.plist */,
			);
			path = SkyBandECRSDKTests;
			sourceTree = "<group>";
		};
		5763A8CB23F6DA7C00790E94 /* Frameworks */ = {
			isa = PBXGroup;
			children = (
				5763A8D223F6DAC200790E94 /* CFNetwork.framework */,
				5763A8D023F6DAB900790E94 /* libz.tbd */,
				5763A8CE23F6DAA900790E94 /* libiconv.tbd */,
				5763A8CC23F6DA7D00790E94 /* Security.framework */,
			);
			name = Frameworks;
			sourceTree = "<group>";
		};
		B10A6A8B24493F54004EA1D1 /* SKBTransactionRecipts */ = {
			isa = PBXGroup;
			children = (
				B147C4E72451E7C900227BA6 /* Purchase(customer_copy).html */,
				B10A6AA324494015004EA1D1 /* Purchase cashback(customer copy)).html */,
				B10A6A9224494006004EA1D1 /* Refund(customer_copy).html */,
				B10A6A9A2449400C004EA1D1 /* Pre-Auth(Customer_copy).html */,
				B10A6AA024494011004EA1D1 /* Purchase Advice(Customer_copy).html */,
				B10A6A8C24494000004EA1D1 /* Pre-Extension(Customer_copy).html */,
				B10A6AA124494012004EA1D1 /* Pre-void(Customer_copy).html */,
				B18F78A4245AE3EB00D9C040 /* Detail_Report.html */,
				B10A6A8D24494003004EA1D1 /* Cash_Advance(Customer_copy).html */,
				B18F78A6245AE5D600D9C040 /* Reversal(Customer_copy).html */,
				B10A6A9624494007004EA1D1 /* Parameter download.html */,
				B10A6A9824494009004EA1D1 /* Bill Pyment(Customer_copy).html */,
				B18F78A2245AE3B200D9C040 /* Reconcilation.html */,
				B18F78A0245ABBD600D9C040 /* Summary_Report.html */,
				B18F789E245ABB9600D9C040 /* Summary.html */,
				B138567E24932959009B2729 /* PosTable.html */,
				B138567F24932959009B2729 /* ReconcilationTable.html */,
				B1FC171924AE09250086A297 /* madaHostTable.html */,
				B1FC171C24AE09260086A297 /* PosTableRunning.html */,
				B1FC171B24AE09260086A297 /* PosTerminalDetails.html */,
				B1FC171A24AE09250086A297 /* ReconcilationTable1.html */,
			);
			path = SKBTransactionRecipts;
			sourceTree = "<group>";
		};
/* End PBXGroup section */

/* Begin PBXHeadersBuildPhase section */
		573EB96323F55421006F383D /* Headers */ = {
			isa = PBXHeadersBuildPhase;
			buildActionMask = 2147483647;
			files = (
				57E41CAB240E3057007B44A0 /* SKBCoreServices.h in Headers */,
				570D6D3F24090A9300F4DBE7 /* SBCoreECR.h in Headers */,
				578324552413605500B6BFA2 /* ECRSrc.h in Headers */,
				570D6D5024090AF900F4DBE7 /* Utilities.h in Headers */,
				573EB97923F55422006F383D /* SkyBandECRSDK.h in Headers */,
			);
			runOnlyForDeploymentPostprocessing = 0;
		};
/* End PBXHeadersBuildPhase section */

/* Begin PBXNativeTarget section */
		573EB96723F55421006F383D /* SkyBandECRSDK */ = {
			isa = PBXNativeTarget;
			buildConfigurationList = 573EB97C23F55422006F383D /* Build configuration list for PBXNativeTarget "SkyBandECRSDK" */;
			buildPhases = (
				573EB96323F55421006F383D /* Headers */,
				573EB96423F55421006F383D /* Sources */,
				573EB96523F55421006F383D /* Frameworks */,
				573EB96623F55421006F383D /* Resources */,
			);
			buildRules = (
			);
			dependencies = (
			);
			name = SkyBandECRSDK;
			productName = SkyBandECRSDK;
			productReference = 573EB96823F55421006F383D /* SkyBandECRSDK.framework */;
			productType = "com.apple.product-type.framework";
		};
		573EB97023F55422006F383D /* SkyBandECRSDKTests */ = {
			isa = PBXNativeTarget;
			buildConfigurationList = 573EB97F23F55422006F383D /* Build configuration list for PBXNativeTarget "SkyBandECRSDKTests" */;
			buildPhases = (
				573EB96D23F55422006F383D /* Sources */,
				573EB96E23F55422006F383D /* Frameworks */,
				573EB96F23F55422006F383D /* Resources */,
			);
			buildRules = (
			);
			dependencies = (
				573EB97423F55422006F383D /* PBXTargetDependency */,
			);
			name = SkyBandECRSDKTests;
			productName = SkyBandECRSDKTests;
			productReference = 573EB97123F55422006F383D /* SkyBandECRSDKTests.xctest */;
			productType = "com.apple.product-type.bundle.unit-test";
		};
/* End PBXNativeTarget section */

/* Begin PBXProject section */
		573EB95F23F55421006F383D /* Project object */ = {
			isa = PBXProject;
			attributes = {
				LastUpgradeCheck = 1130;
				ORGANIZATIONNAME = GirmitiSoftwares;
				TargetAttributes = {
					573EB96723F55421006F383D = {
						CreatedOnToolsVersion = 11.3.1;
					};
					573EB97023F55422006F383D = {
						CreatedOnToolsVersion = 11.3.1;
					};
				};
			};
			buildConfigurationList = 573EB96223F55421006F383D /* Build configuration list for PBXProject "SkyBandECRSDK" */;
			compatibilityVersion = "Xcode 9.3";
			developmentRegion = en;
			hasScannedForEncodings = 0;
			knownRegions = (
				en,
				Base,
			);
			mainGroup = 573EB95E23F55421006F383D;
			productRefGroup = 573EB96923F55421006F383D /* Products */;
			projectDirPath = "";
			projectRoot = "";
			targets = (
				573EB96723F55421006F383D /* SkyBandECRSDK */,
				573EB97023F55422006F383D /* SkyBandECRSDKTests */,
			);
		};
/* End PBXProject section */

/* Begin PBXResourcesBuildPhase section */
		573EB96623F55421006F383D /* Resources */ = {
			isa = PBXResourcesBuildPhase;
			buildActionMask = 2147483647;
			files = (
				B18F78A3245AE3B300D9C040 /* Reconcilation.html in Resources */,
				B18F78A7245AE5D600D9C040 /* Reversal(Customer_copy).html in Resources */,
				B18F78A5245AE3EB00D9C040 /* Detail_Report.html in Resources */,
				B10A6AB824494016004EA1D1 /* Purchase Advice(Customer_copy).html in Resources */,
				B10A6AAE24494016004EA1D1 /* Parameter download.html in Resources */,
				B10A6ABB24494016004EA1D1 /* Purchase cashback(customer copy)).html in Resources */,
				B1FC172024AE09260086A297 /* PosTableRunning.html in Resources */,
				B147C4E82451E7CA00227BA6 /* Purchase(customer_copy).html in Resources */,
				B10A6AAA24494016004EA1D1 /* Refund(customer_copy).html in Resources */,
				B13856812493295A009B2729 /* ReconcilationTable.html in Resources */,
				B10A6AB924494016004EA1D1 /* Pre-void(Customer_copy).html in Resources */,
				B18F78A1245ABBD600D9C040 /* Summary_Report.html in Resources */,
				B13856802493295A009B2729 /* PosTable.html in Resources */,
				B1FC171D24AE09260086A297 /* madaHostTable.html in Resources */,
				B10A6AB024494016004EA1D1 /* Bill Pyment(Customer_copy).html in Resources */,
				B1FC171F24AE09260086A297 /* PosTerminalDetails.html in Resources */,
				B10A6AA524494016004EA1D1 /* Cash_Advance(Customer_copy).html in Resources */,
				B10A6AB224494016004EA1D1 /* Pre-Auth(Customer_copy).html in Resources */,
				B1FC171E24AE09260086A297 /* ReconcilationTable1.html in Resources */,
				B10A6AA424494016004EA1D1 /* Pre-Extension(Customer_copy).html in Resources */,
				B18F789F245ABB9600D9C040 /* Summary.html in Resources */,
			);
			runOnlyForDeploymentPostprocessing = 0;
		};
		573EB96F23F55422006F383D /* Resources */ = {
			isa = PBXResourcesBuildPhase;
			buildActionMask = 2147483647;
			files = (
			);
			runOnlyForDeploymentPostprocessing = 0;
		};
/* End PBXResourcesBuildPhase section */

/* Begin PBXSourcesBuildPhase section */
		573EB96423F55421006F383D /* Sources */ = {
			isa = PBXSourcesBuildPhase;
			buildActionMask = 2147483647;
			files = (
				570D6D5124090AF900F4DBE7 /* Utilities.c in Sources */,
				57E41CAD240E305F007B44A0 /* SKBCoreServices.m in Sources */,
				570D6D3E24090A9300F4DBE7 /* SBCoreECR.c in Sources */,
				578324562413605500B6BFA2 /* ECRSrc.c in Sources */,
			);
			runOnlyForDeploymentPostprocessing = 0;
		};
		573EB96D23F55422006F383D /* Sources */ = {
			isa = PBXSourcesBuildPhase;
			buildActionMask = 2147483647;
			files = (
				573EB97723F55422006F383D /* SkyBandECRSDKTests.m in Sources */,
			);
			runOnlyForDeploymentPostprocessing = 0;
		};
/* End PBXSourcesBuildPhase section */

/* Begin PBXTargetDependency section */
		573EB97423F55422006F383D /* PBXTargetDependency */ = {
			isa = PBXTargetDependency;
			target = 573EB96723F55421006F383D /* SkyBandECRSDK */;
			targetProxy = 573EB97323F55422006F383D /* PBXContainerItemProxy */;
		};
/* End PBXTargetDependency section */

/* Begin XCBuildConfiguration section */
		573EB97A23F55422006F383D /* Debug */ = {
			isa = XCBuildConfiguration;
			buildSettings = {
				ALWAYS_SEARCH_USER_PATHS = NO;
				CLANG_ANALYZER_NONNULL = YES;
				CLANG_ANALYZER_NUMBER_OBJECT_CONVERSION = YES_AGGRESSIVE;
				CLANG_CXX_LANGUAGE_STANDARD = "gnu++14";
				CLANG_CXX_LIBRARY = "libc++";
				CLANG_ENABLE_MODULES = YES;
				CLANG_ENABLE_OBJC_ARC = YES;
				CLANG_ENABLE_OBJC_WEAK = YES;
				CLANG_WARN_BLOCK_CAPTURE_AUTORELEASING = YES;
				CLANG_WARN_BOOL_CONVERSION = YES;
				CLANG_WARN_COMMA = YES;
				CLANG_WARN_CONSTANT_CONVERSION = YES;
				CLANG_WARN_DEPRECATED_OBJC_IMPLEMENTATIONS = YES;
				CLANG_WARN_DIRECT_OBJC_ISA_USAGE = YES_ERROR;
				CLANG_WARN_DOCUMENTATION_COMMENTS = YES;
				CLANG_WARN_EMPTY_BODY = YES;
				CLANG_WARN_ENUM_CONVERSION = YES;
				CLANG_WARN_INFINITE_RECURSION = YES;
				CLANG_WARN_INT_CONVERSION = YES;
				CLANG_WARN_NON_LITERAL_NULL_CONVERSION = YES;
				CLANG_WARN_OBJC_IMPLICIT_RETAIN_SELF = YES;
				CLANG_WARN_OBJC_LITERAL_CONVERSION = YES;
				CLANG_WARN_OBJC_ROOT_CLASS = YES_ERROR;
				CLANG_WARN_RANGE_LOOP_ANALYSIS = YES;
				CLANG_WARN_STRICT_PROTOTYPES = YES;
				CLANG_WARN_SUSPICIOUS_MOVE = YES;
				CLANG_WARN_UNGUARDED_AVAILABILITY = YES_AGGRESSIVE;
				CLANG_WARN_UNREACHABLE_CODE = YES;
				CLANG_WARN__DUPLICATE_METHOD_MATCH = YES;
				COPY_PHASE_STRIP = NO;
				CURRENT_PROJECT_VERSION = 1;
				DEBUG_INFORMATION_FORMAT = dwarf;
				ENABLE_STRICT_OBJC_MSGSEND = YES;
				ENABLE_TESTABILITY = YES;
				GCC_C_LANGUAGE_STANDARD = gnu11;
				GCC_DYNAMIC_NO_PIC = NO;
				GCC_NO_COMMON_BLOCKS = YES;
				GCC_OPTIMIZATION_LEVEL = 0;
				GCC_PREPROCESSOR_DEFINITIONS = (
					"DEBUG=1",
					"$(inherited)",
				);
				GCC_WARN_64_TO_32_BIT_CONVERSION = YES;
				GCC_WARN_ABOUT_RETURN_TYPE = YES_ERROR;
				GCC_WARN_UNDECLARED_SELECTOR = YES;
				GCC_WARN_UNINITIALIZED_AUTOS = YES_AGGRESSIVE;
				GCC_WARN_UNUSED_FUNCTION = YES;
				GCC_WARN_UNUSED_VARIABLE = YES;
				IPHONEOS_DEPLOYMENT_TARGET = 10.0;
				MTL_ENABLE_DEBUG_INFO = INCLUDE_SOURCE;
				MTL_FAST_MATH = YES;
				ONLY_ACTIVE_ARCH = YES;
				SDKROOT = iphoneos;
				VERSIONING_SYSTEM = "apple-generic";
				VERSION_INFO_PREFIX = "";
			};
			name = Debug;
		};
		573EB97B23F55422006F383D /* Release */ = {
			isa = XCBuildConfiguration;
			buildSettings = {
				ALWAYS_SEARCH_USER_PATHS = NO;
				CLANG_ANALYZER_NONNULL = YES;
				CLANG_ANALYZER_NUMBER_OBJECT_CONVERSION = YES_AGGRESSIVE;
				CLANG_CXX_LANGUAGE_STANDARD = "gnu++14";
				CLANG_CXX_LIBRARY = "libc++";
				CLANG_ENABLE_MODULES = YES;
				CLANG_ENABLE_OBJC_ARC = YES;
				CLANG_ENABLE_OBJC_WEAK = YES;
				CLANG_WARN_BLOCK_CAPTURE_AUTORELEASING = YES;
				CLANG_WARN_BOOL_CONVERSION = YES;
				CLANG_WARN_COMMA = YES;
				CLANG_WARN_CONSTANT_CONVERSION = YES;
				CLANG_WARN_DEPRECATED_OBJC_IMPLEMENTATIONS = YES;
				CLANG_WARN_DIRECT_OBJC_ISA_USAGE = YES_ERROR;
				CLANG_WARN_DOCUMENTATION_COMMENTS = YES;
				CLANG_WARN_EMPTY_BODY = YES;
				CLANG_WARN_ENUM_CONVERSION = YES;
				CLANG_WARN_INFINITE_RECURSION = YES;
				CLANG_WARN_INT_CONVERSION = YES;
				CLANG_WARN_NON_LITERAL_NULL_CONVERSION = YES;
				CLANG_WARN_OBJC_IMPLICIT_RETAIN_SELF = YES;
				CLANG_WARN_OBJC_LITERAL_CONVERSION = YES;
				CLANG_WARN_OBJC_ROOT_CLASS = YES_ERROR;
				CLANG_WARN_RANGE_LOOP_ANALYSIS = YES;
				CLANG_WARN_STRICT_PROTOTYPES = YES;
				CLANG_WARN_SUSPICIOUS_MOVE = YES;
				CLANG_WARN_UNGUARDED_AVAILABILITY = YES_AGGRESSIVE;
				CLANG_WARN_UNREACHABLE_CODE = YES;
				CLANG_WARN__DUPLICATE_METHOD_MATCH = YES;
				COPY_PHASE_STRIP = NO;
				CURRENT_PROJECT_VERSION = 1;
				DEBUG_INFORMATION_FORMAT = "dwarf-with-dsym";
				ENABLE_NS_ASSERTIONS = NO;
				ENABLE_STRICT_OBJC_MSGSEND = YES;
				GCC_C_LANGUAGE_STANDARD = gnu11;
				GCC_NO_COMMON_BLOCKS = YES;
				GCC_WARN_64_TO_32_BIT_CONVERSION = YES;
				GCC_WARN_ABOUT_RETURN_TYPE = YES_ERROR;
				GCC_WARN_UNDECLARED_SELECTOR = YES;
				GCC_WARN_UNINITIALIZED_AUTOS = YES_AGGRESSIVE;
				GCC_WARN_UNUSED_FUNCTION = YES;
				GCC_WARN_UNUSED_VARIABLE = YES;
				IPHONEOS_DEPLOYMENT_TARGET = 10.0;
				MTL_ENABLE_DEBUG_INFO = NO;
				MTL_FAST_MATH = YES;
				SDKROOT = iphoneos;
				VALIDATE_PRODUCT = YES;
				VERSIONING_SYSTEM = "apple-generic";
				VERSION_INFO_PREFIX = "";
			};
			name = Release;
		};
		573EB97D23F55422006F383D /* Debug */ = {
			isa = XCBuildConfiguration;
			buildSettings = {
				BITCODE_GENERATION_MODE = bitcode;
				CODE_SIGN_STYLE = Automatic;
				DEFINES_MODULE = YES;
				DEVELOPMENT_TEAM = 3A54Q99JBM;
				DYLIB_COMPATIBILITY_VERSION = 1;
				DYLIB_CURRENT_VERSION = 1;
				DYLIB_INSTALL_NAME_BASE = "@rpath";
				INFOPLIST_FILE = SkyBandECRSDK/Info.plist;
				INSTALL_PATH = "$(LOCAL_LIBRARY_DIR)/Frameworks";
				IPHONEOS_DEPLOYMENT_TARGET = 10.0;
				LD_RUNPATH_SEARCH_PATHS = (
					"$(inherited)",
					"@executable_path/Frameworks",
					"@loader_path/Frameworks",
				);
				ONLY_ACTIVE_ARCH = NO;
				OTHER_CFLAGS = "-fembed-bitcode";
				OTHER_LDFLAGS = "$(inherited)";
				PRODUCT_BUNDLE_IDENTIFIER = Com.GirmitiSoftwares.SkyBandECRSDK;
				PRODUCT_NAME = "$(TARGET_NAME:c99extidentifier)";
				SKIP_INSTALL = YES;
				TARGETED_DEVICE_FAMILY = "1,2";
			};
			name = Debug;
		};
		573EB97E23F55422006F383D /* Release */ = {
			isa = XCBuildConfiguration;
			buildSettings = {
				BITCODE_GENERATION_MODE = bitcode;
				CODE_SIGN_STYLE = Automatic;
				DEFINES_MODULE = YES;
				DEVELOPMENT_TEAM = 3A54Q99JBM;
				DYLIB_COMPATIBILITY_VERSION = 1;
				DYLIB_CURRENT_VERSION = 1;
				DYLIB_INSTALL_NAME_BASE = "@rpath";
				INFOPLIST_FILE = SkyBandECRSDK/Info.plist;
				INSTALL_PATH = "$(LOCAL_LIBRARY_DIR)/Frameworks";
				IPHONEOS_DEPLOYMENT_TARGET = 10.0;
				LD_RUNPATH_SEARCH_PATHS = (
					"$(inherited)",
					"@executable_path/Frameworks",
					"@loader_path/Frameworks",
				);
				OTHER_CFLAGS = "-fembed-bitcode";
				OTHER_LDFLAGS = "$(inherited)";
				PRODUCT_BUNDLE_IDENTIFIER = Com.GirmitiSoftwares.SkyBandECRSDK;
				PRODUCT_NAME = "$(TARGET_NAME:c99extidentifier)";
				SKIP_INSTALL = YES;
				TARGETED_DEVICE_FAMILY = "1,2";
			};
			name = Release;
		};
		573EB98023F55422006F383D /* Debug */ = {
			isa = XCBuildConfiguration;
			buildSettings = {
				CODE_SIGN_STYLE = Automatic;
				DEVELOPMENT_TEAM = 3A54Q99JBM;
				INFOPLIST_FILE = SkyBandECRSDKTests/Info.plist;
				LD_RUNPATH_SEARCH_PATHS = (
					"$(inherited)",
					"@executable_path/Frameworks",
					"@loader_path/Frameworks",
				);
				PRODUCT_BUNDLE_IDENTIFIER = Com.GirmitiSoftwares.SkyBandECRSDKTests;
				PRODUCT_NAME = "$(TARGET_NAME)";
				TARGETED_DEVICE_FAMILY = "1,2";
			};
			name = Debug;
		};
		573EB98123F55422006F383D /* Release */ = {
			isa = XCBuildConfiguration;
			buildSettings = {
				CODE_SIGN_STYLE = Automatic;
				DEVELOPMENT_TEAM = 3A54Q99JBM;
				INFOPLIST_FILE = SkyBandECRSDKTests/Info.plist;
				LD_RUNPATH_SEARCH_PATHS = (
					"$(inherited)",
					"@executable_path/Frameworks",
					"@loader_path/Frameworks",
				);
				PRODUCT_BUNDLE_IDENTIFIER = Com.GirmitiSoftwares.SkyBandECRSDKTests;
				PRODUCT_NAME = "$(TARGET_NAME)";
				TARGETED_DEVICE_FAMILY = "1,2";
			};
			name = Release;
		};
/* End XCBuildConfiguration section */

/* Begin XCConfigurationList section */
		573EB96223F55421006F383D /* Build configuration list for PBXProject "SkyBandECRSDK" */ = {
			isa = XCConfigurationList;
			buildConfigurations = (
				573EB97A23F55422006F383D /* Debug */,
				573EB97B23F55422006F383D /* Release */,
			);
			defaultConfigurationIsVisible = 0;
			defaultConfigurationName = Release;
		};
		573EB97C23F55422006F383D /* Build configuration list for PBXNativeTarget "SkyBandECRSDK" */ = {
			isa = XCConfigurationList;
			buildConfigurations = (
				573EB97D23F55422006F383D /* Debug */,
				573EB97E23F55422006F383D /* Release */,
			);
			defaultConfigurationIsVisible = 0;
			defaultConfigurationName = Release;
		};
		573EB97F23F55422006F383D /* Build configuration list for PBXNativeTarget "SkyBandECRSDKTests" */ = {
			isa = XCConfigurationList;
			buildConfigurations = (
				573EB98023F55422006F383D /* Debug */,
				573EB98123F55422006F383D /* Release */,
			);
			defaultConfigurationIsVisible = 0;
			defaultConfigurationName = Release;
		};
/* End XCConfigurationList section */
	};
	rootObject = 573EB95F23F55421006F383D /* Project object */;
}
