PODS:
  - Flutter (1.0.0)
  - integration_test (0.0.1):
    - Flutter
  - skyband_ecr_plugin (1.0.0):
    - Flutter

DEPENDENCIES:
  - Flutter (from `Flutter`)
  - integration_test (from `.symlinks/plugins/integration_test/ios`)
  - skyband_ecr_plugin (from `.symlinks/plugins/skyband_ecr_plugin/ios`)

EXTERNAL SOURCES:
  Flutter:
    :path: Flutter
  integration_test:
    :path: ".symlinks/plugins/integration_test/ios"
  skyband_ecr_plugin:
    :path: ".symlinks/plugins/skyband_ecr_plugin/ios"

SPEC CHECKSUMS:
  Flutter: e0871f40cf51350855a761d2e70bf5af5b9b5de7
  integration_test: 252f60fa39af5e17c3aa9899d35d908a0721b573
  skyband_ecr_plugin: 15623cf84ba35ff5afd3313fd66cd1f08b4f49aa

PODFILE CHECKSUM: 033be53135beefd4ff8085938f08545e1f69f082

COCOAPODS: 1.16.2
